
Microsoft Visual Studio Solution File, Format Version 12.00
# Visual Studio 15
VisualStudioVersion = 15.0.26124.0
MinimumVisualStudioVersion = 15.0.26124.0
Project("{FAE04EC0-301F-11D3-BF4B-00C04F79EFBC}") = "FastNote.Services.Logs", "FastNote.Services.Logs\FastNote.Services.Logs.csproj", "{550B98C8-47A2-4FB4-ACAC-95BC2BDDDDE9}"
EndProject
Project("{FAE04EC0-301F-11D3-BF4B-00C04F79EFBC}") = "FastNote.Services.Logs.Tests", "FastNote.Services.Logs.Tests\FastNote.Services.Logs.Tests.csproj", "{32025425-D998-416C-A61D-6B4E2A3F0D10}"
EndProject
Global
	GlobalSection(SolutionConfigurationPlatforms) = preSolution
		Debug|Any CPU = Debug|Any CPU
		Debug|x64 = Debug|x64
		Debug|x86 = Debug|x86
		Release|Any CPU = Release|Any CPU
		Release|x64 = Release|x64
		Release|x86 = Release|x86
	EndGlobalSection
	GlobalSection(SolutionProperties) = preSolution
		HideSolutionNode = FALSE
	EndGlobalSection
	GlobalSection(ProjectConfigurationPlatforms) = postSolution
		{550B98C8-47A2-4FB4-ACAC-95BC2BDDDDE9}.Debug|Any CPU.ActiveCfg = Debug|Any CPU
		{550B98C8-47A2-4FB4-ACAC-95BC2BDDDDE9}.Debug|Any CPU.Build.0 = Debug|Any CPU
		{550B98C8-47A2-4FB4-ACAC-95BC2BDDDDE9}.Debug|x64.ActiveCfg = Debug|Any CPU
		{550B98C8-47A2-4FB4-ACAC-95BC2BDDDDE9}.Debug|x64.Build.0 = Debug|Any CPU
		{550B98C8-47A2-4FB4-ACAC-95BC2BDDDDE9}.Debug|x86.ActiveCfg = Debug|Any CPU
		{550B98C8-47A2-4FB4-ACAC-95BC2BDDDDE9}.Debug|x86.Build.0 = Debug|Any CPU
		{550B98C8-47A2-4FB4-ACAC-95BC2BDDDDE9}.Release|Any CPU.ActiveCfg = Release|Any CPU
		{550B98C8-47A2-4FB4-ACAC-95BC2BDDDDE9}.Release|Any CPU.Build.0 = Release|Any CPU
		{550B98C8-47A2-4FB4-ACAC-95BC2BDDDDE9}.Release|x64.ActiveCfg = Release|Any CPU
		{550B98C8-47A2-4FB4-ACAC-95BC2BDDDDE9}.Release|x64.Build.0 = Release|Any CPU
		{550B98C8-47A2-4FB4-ACAC-95BC2BDDDDE9}.Release|x86.ActiveCfg = Release|Any CPU
		{550B98C8-47A2-4FB4-ACAC-95BC2BDDDDE9}.Release|x86.Build.0 = Release|Any CPU
		{32025425-D998-416C-A61D-6B4E2A3F0D10}.Debug|Any CPU.ActiveCfg = Debug|Any CPU
		{32025425-D998-416C-A61D-6B4E2A3F0D10}.Debug|Any CPU.Build.0 = Debug|Any CPU
		{32025425-D998-416C-A61D-6B4E2A3F0D10}.Debug|x64.ActiveCfg = Debug|Any CPU
		{32025425-D998-416C-A61D-6B4E2A3F0D10}.Debug|x64.Build.0 = Debug|Any CPU
		{32025425-D998-416C-A61D-6B4E2A3F0D10}.Debug|x86.ActiveCfg = Debug|Any CPU
		{32025425-D998-416C-A61D-6B4E2A3F0D10}.Debug|x86.Build.0 = Debug|Any CPU
		{32025425-D998-416C-A61D-6B4E2A3F0D10}.Release|Any CPU.ActiveCfg = Release|Any CPU
		{32025425-D998-416C-A61D-6B4E2A3F0D10}.Release|Any CPU.Build.0 = Release|Any CPU
		{32025425-D998-416C-A61D-6B4E2A3F0D10}.Release|x64.ActiveCfg = Release|Any CPU
		{32025425-D998-416C-A61D-6B4E2A3F0D10}.Release|x64.Build.0 = Release|Any CPU
		{32025425-D998-416C-A61D-6B4E2A3F0D10}.Release|x86.ActiveCfg = Release|Any CPU
		{32025425-D998-416C-A61D-6B4E2A3F0D10}.Release|x86.Build.0 = Release|Any CPU
	EndGlobalSection
EndGlobal
